// !$*UTF8*$!
{
	archiveVersion = 1;
	classes = {
	};
	objectVersion = 56;
	objects = {

/* Begin PBXBuildFile section */
		121651A62A821DA900722488 /* AppDelegate.swift in Sources */ = {isa = PBXBuildFile; fileRef = 121651A52A821DA900722488 /* AppDelegate.swift */; };
		121651A82A821DA900722488 /* SceneDelegate.swift in Sources */ = {isa = PBXBuildFile; fileRef = 121651A72A821DA900722488 /* SceneDelegate.swift */; };
		121651AA2A821DA900722488 /* MainTabBarViewController.swift in Sources */ = {isa = PBXBuildFile; fileRef = 121651A92A821DA900722488 /* MainTabBarViewController.swift */; };
		121651AF2A821DAB00722488 /* Assets.xcassets in Resources */ = {isa = PBXBuildFile; fileRef = 121651AE2A821DAB00722488 /* Assets.xcassets */; };
		121651B22A821DAB00722488 /* LaunchScreen.storyboard in Resources */ = {isa = PBXBuildFile; fileRef = 121651B02A821DAB00722488 /* LaunchScreen.storyboard */; };
		121651BB2A8220D400722488 /* HomeViewController.swift in Sources */ = {isa = PBXBuildFile; fileRef = 121651BA2A8220D400722488 /* HomeViewController.swift */; };
		121651BD2A82211800722488 /* UpcomingViewController.swift in Sources */ = {isa = PBXBuildFile; fileRef = 121651BC2A82211800722488 /* UpcomingViewController.swift */; };
		121651BF2A82217000722488 /* SearchsViewController.swift in Sources */ = {isa = PBXBuildFile; fileRef = 121651BE2A82217000722488 /* SearchsViewController.swift */; };
		121651C12A8221A900722488 /* DownloadsViewController.swift in Sources */ = {isa = PBXBuildFile; fileRef = 121651C02A8221A900722488 /* DownloadsViewController.swift */; };
		121651C82A8254BC00722488 /* CollectionViewTableViewCell.swift in Sources */ = {isa = PBXBuildFile; fileRef = 121651C72A8254BC00722488 /* CollectionViewTableViewCell.swift */; };
		121651CA2A82B4B500722488 /* HeroHeaderUIView.swift in Sources */ = {isa = PBXBuildFile; fileRef = 121651C92A82B4B500722488 /* HeroHeaderUIView.swift */; };
		121651CC2A83B4D700722488 /* APICaller.swift in Sources */ = {isa = PBXBuildFile; fileRef = 121651CB2A83B4D700722488 /* APICaller.swift */; };
		121651CE2A83C08800722488 /* Title.swift in Sources */ = {isa = PBXBuildFile; fileRef = 121651CD2A83C08800722488 /* Title.swift */; };
		125D2BCC2A85084E003415B1 /* Extensions.swift in Sources */ = {isa = PBXBuildFile; fileRef = 125D2BCB2A85084E003415B1 /* Extensions.swift */; };
		125D2BD02A856CB8003415B1 /* TitleCollectionViewCell.swift in Sources */ = {isa = PBXBuildFile; fileRef = 125D2BCF2A856CB8003415B1 /* TitleCollectionViewCell.swift */; };
		125D2BD32A856F61003415B1 /* SDWebImage in Frameworks */ = {isa = PBXBuildFile; productRef = 125D2BD22A856F61003415B1 /* SDWebImage */; };
		125D2BD52A856F61003415B1 /* SDWebImageMapKit in Frameworks */ = {isa = PBXBuildFile; productRef = 125D2BD42A856F61003415B1 /* SDWebImageMapKit */; };
		125D2BD92A86277F003415B1 /* TitleTableViewCell.swift in Sources */ = {isa = PBXBuildFile; fileRef = 125D2BD82A86277F003415B1 /* TitleTableViewCell.swift */; };
		125D2BDB2A862B90003415B1 /* TitleViewModel.swift in Sources */ = {isa = PBXBuildFile; fileRef = 125D2BDA2A862B90003415B1 /* TitleViewModel.swift */; };
		125D2BDD2A866B90003415B1 /* SearchResultsViewController.swift in Sources */ = {isa = PBXBuildFile; fileRef = 125D2BDC2A866B90003415B1 /* SearchResultsViewController.swift */; };
/* End PBXBuildFile section */

/* Begin PBXFileReference section */
		121651A22A821DA900722488 /* Netflix Clone.app */ = {isa = PBXFileReference; explicitFileType = wrapper.application; includeInIndex = 0; path = "Netflix Clone.app"; sourceTree = BUILT_PRODUCTS_DIR; };
		121651A52A821DA900722488 /* AppDelegate.swift */ = {isa = PBXFileReference; lastKnownFileType = sourcecode.swift; path = AppDelegate.swift; sourceTree = "<group>"; };
		121651A72A821DA900722488 /* SceneDelegate.swift */ = {isa = PBXFileReference; lastKnownFileType = sourcecode.swift; path = SceneDelegate.swift; sourceTree = "<group>"; };
		121651A92A821DA900722488 /* MainTabBarViewController.swift */ = {isa = PBXFileReference; lastKnownFileType = sourcecode.swift; path = MainTabBarViewController.swift; sourceTree = "<group>"; };
		121651AE2A821DAB00722488 /* Assets.xcassets */ = {isa = PBXFileReference; lastKnownFileType = folder.assetcatalog; path = Assets.xcassets; sourceTree = "<group>"; };
		121651B12A821DAB00722488 /* Base */ = {isa = PBXFileReference; lastKnownFileType = file.storyboard; name = Base; path = Base.lproj/LaunchScreen.storyboard; sourceTree = "<group>"; };
		121651B32A821DAB00722488 /* Info.plist */ = {isa = PBXFileReference; lastKnownFileType = text.plist.xml; path = Info.plist; sourceTree = "<group>"; };
		121651BA2A8220D400722488 /* HomeViewController.swift */ = {isa = PBXFileReference; lastKnownFileType = sourcecode.swift; path = HomeViewController.swift; sourceTree = "<group>"; };
		121651BC2A82211800722488 /* UpcomingViewController.swift */ = {isa = PBXFileReference; lastKnownFileType = sourcecode.swift; path = UpcomingViewController.swift; sourceTree = "<group>"; };
		121651BE2A82217000722488 /* SearchsViewController.swift */ = {isa = PBXFileReference; lastKnownFileType = sourcecode.swift; path = SearchsViewController.swift; sourceTree = "<group>"; };
		121651C02A8221A900722488 /* DownloadsViewController.swift */ = {isa = PBXFileReference; lastKnownFileType = sourcecode.swift; path = DownloadsViewController.swift; sourceTree = "<group>"; };
		121651C72A8254BC00722488 /* CollectionViewTableViewCell.swift */ = {isa = PBXFileReference; lastKnownFileType = sourcecode.swift; path = CollectionViewTableViewCell.swift; sourceTree = "<group>"; };
		121651C92A82B4B500722488 /* HeroHeaderUIView.swift */ = {isa = PBXFileReference; lastKnownFileType = sourcecode.swift; path = HeroHeaderUIView.swift; sourceTree = "<group>"; };
		121651CB2A83B4D700722488 /* APICaller.swift */ = {isa = PBXFileReference; lastKnownFileType = sourcecode.swift; path = APICaller.swift; sourceTree = "<group>"; };
		121651CD2A83C08800722488 /* Title.swift */ = {isa = PBXFileReference; lastKnownFileType = sourcecode.swift; path = Title.swift; sourceTree = "<group>"; };
		125D2BCB2A85084E003415B1 /* Extensions.swift */ = {isa = PBXFileReference; lastKnownFileType = sourcecode.swift; path = Extensions.swift; sourceTree = "<group>"; };
		125D2BCF2A856CB8003415B1 /* TitleCollectionViewCell.swift */ = {isa = PBXFileReference; lastKnownFileType = sourcecode.swift; path = TitleCollectionViewCell.swift; sourceTree = "<group>"; };
		125D2BD82A86277F003415B1 /* TitleTableViewCell.swift */ = {isa = PBXFileReference; lastKnownFileType = sourcecode.swift; path = TitleTableViewCell.swift; sourceTree = "<group>"; };
		125D2BDA2A862B90003415B1 /* TitleViewModel.swift */ = {isa = PBXFileReference; lastKnownFileType = sourcecode.swift; path = TitleViewModel.swift; sourceTree = "<group>"; };
		125D2BDC2A866B90003415B1 /* SearchResultsViewController.swift */ = {isa = PBXFileReference; lastKnownFileType = sourcecode.swift; path = SearchResultsViewController.swift; sourceTree = "<group>"; };
/* End PBXFileReference section */

/* Begin PBXFrameworksBuildPhase section */
		1216519F2A821DA900722488 /* Frameworks */ = {
			isa = PBXFrameworksBuildPhase;
			buildActionMask = 2147483647;
			files = (
				125D2BD52A856F61003415B1 /* SDWebImageMapKit in Frameworks */,
				125D2BD32A856F61003415B1 /* SDWebImage in Frameworks */,
			);
			runOnlyForDeploymentPostprocessing = 0;
		};
/* End PBXFrameworksBuildPhase section */

/* Begin PBXGroup section */
		121651992A821DA900722488 = {
			isa = PBXGroup;
			children = (
				121651A42A821DA900722488 /* Netflix Clone */,
				121651A32A821DA900722488 /* Products */,
			);
			sourceTree = "<group>";
		};
		121651A32A821DA900722488 /* Products */ = {
			isa = PBXGroup;
			children = (
				121651A22A821DA900722488 /* Netflix Clone.app */,
			);
			name = Products;
			sourceTree = "<group>";
		};
		121651A42A821DA900722488 /* Netflix Clone */ = {
			isa = PBXGroup;
			children = (
				121651C62A82547600722488 /* Managers */,
				121651C52A82546500722488 /* Resources */,
				121651C42A82542E00722488 /* Models */,
				121651C22A82540100722488 /* Views */,
				121651C32A82541600722488 /* ViewModels */,
				121651B92A8220A700722488 /* Controllers */,
				121651A52A821DA900722488 /* AppDelegate.swift */,
				121651A72A821DA900722488 /* SceneDelegate.swift */,
				121651A92A821DA900722488 /* MainTabBarViewController.swift */,
				121651AE2A821DAB00722488 /* Assets.xcassets */,
				121651B02A821DAB00722488 /* LaunchScreen.storyboard */,
				121651B32A821DAB00722488 /* Info.plist */,
			);
			path = "Netflix Clone";
			sourceTree = "<group>";
		};
		121651B92A8220A700722488 /* Controllers */ = {
			isa = PBXGroup;
			children = (
				125D2BDE2A866C07003415B1 /* Core */,
				125D2BDF2A866C1F003415B1 /* General */,
			);
			path = Controllers;
			sourceTree = "<group>";
		};
		121651C22A82540100722488 /* Views */ = {
			isa = PBXGroup;
			children = (
				121651C72A8254BC00722488 /* CollectionViewTableViewCell.swift */,
				121651C92A82B4B500722488 /* HeroHeaderUIView.swift */,
				125D2BCF2A856CB8003415B1 /* TitleCollectionViewCell.swift */,
				125D2BD82A86277F003415B1 /* TitleTableViewCell.swift */,
			);
			path = Views;
			sourceTree = "<group>";
		};
		121651C32A82541600722488 /* ViewModels */ = {
			isa = PBXGroup;
			children = (
				125D2BDA2A862B90003415B1 /* TitleViewModel.swift */,
			);
			path = ViewModels;
			sourceTree = "<group>";
		};
		121651C42A82542E00722488 /* Models */ = {
			isa = PBXGroup;
			children = (
				121651CD2A83C08800722488 /* Title.swift */,
			);
			path = Models;
			sourceTree = "<group>";
		};
		121651C52A82546500722488 /* Resources */ = {
			isa = PBXGroup;
			children = (
				125D2BCB2A85084E003415B1 /* Extensions.swift */,
			);
			path = Resources;
			sourceTree = "<group>";
		};
		121651C62A82547600722488 /* Managers */ = {
			isa = PBXGroup;
			children = (
				121651CB2A83B4D700722488 /* APICaller.swift */,
			);
			path = Managers;
			sourceTree = "<group>";
		};
		125D2BDE2A866C07003415B1 /* Core */ = {
			isa = PBXGroup;
			children = (
				121651BA2A8220D400722488 /* HomeViewController.swift */,
				121651BC2A82211800722488 /* UpcomingViewController.swift */,
				121651BE2A82217000722488 /* SearchsViewController.swift */,
				121651C02A8221A900722488 /* DownloadsViewController.swift */,
			);
			path = Core;
			sourceTree = "<group>";
		};
		125D2BDF2A866C1F003415B1 /* General */ = {
			isa = PBXGroup;
			children = (
				125D2BDC2A866B90003415B1 /* SearchResultsViewController.swift */,
			);
			path = General;
			sourceTree = "<group>";
		};
/* End PBXGroup section */

/* Begin PBXNativeTarget section */
		121651A12A821DA900722488 /* Netflix Clone */ = {
			isa = PBXNativeTarget;
			buildConfigurationList = 121651B62A821DAB00722488 /* Build configuration list for PBXNativeTarget "Netflix Clone" */;
			buildPhases = (
				1216519E2A821DA900722488 /* Sources */,
				1216519F2A821DA900722488 /* Frameworks */,
				121651A02A821DA900722488 /* Resources */,
			);
			buildRules = (
			);
			dependencies = (
			);
			name = "Netflix Clone";
			packageProductDependencies = (
				125D2BD22A856F61003415B1 /* SDWebImage */,
				125D2BD42A856F61003415B1 /* SDWebImageMapKit */,
			);
			productName = "Netflix Clone";
			productReference = 121651A22A821DA900722488 /* Netflix Clone.app */;
			productType = "com.apple.product-type.application";
		};
/* End PBXNativeTarget section */

/* Begin PBXProject section */
		1216519A2A821DA900722488 /* Project object */ = {
			isa = PBXProject;
			attributes = {
				BuildIndependentTargetsInParallel = 1;
				LastSwiftUpdateCheck = 1420;
				LastUpgradeCheck = 1420;
				TargetAttributes = {
					121651A12A821DA900722488 = {
						CreatedOnToolsVersion = 14.2;
					};
				};
			};
			buildConfigurationList = 1216519D2A821DA900722488 /* Build configuration list for PBXProject "Netflix Clone" */;
			compatibilityVersion = "Xcode 14.0";
			developmentRegion = en;
			hasScannedForEncodings = 0;
			knownRegions = (
				en,
				Base,
			);
			mainGroup = 121651992A821DA900722488;
			packageReferences = (
				125D2BD12A856F61003415B1 /* XCRemoteSwiftPackageReference "SDWebImage" */,
			);
			productRefGroup = 121651A32A821DA900722488 /* Products */;
			projectDirPath = "";
			projectRoot = "";
			targets = (
				121651A12A821DA900722488 /* Netflix Clone */,
			);
		};
/* End PBXProject section */

/* Begin PBXResourcesBuildPhase section */
		121651A02A821DA900722488 /* Resources */ = {
			isa = PBXResourcesBuildPhase;
			buildActionMask = 2147483647;
			files = (
				121651B22A821DAB00722488 /* LaunchScreen.storyboard in Resources */,
				121651AF2A821DAB00722488 /* Assets.xcassets in Resources */,
			);
			runOnlyForDeploymentPostprocessing = 0;
		};
/* End PBXResourcesBuildPhase section */

/* Begin PBXSourcesBuildPhase section */
		1216519E2A821DA900722488 /* Sources */ = {
			isa = PBXSourcesBuildPhase;
			buildActionMask = 2147483647;
			files = (
				125D2BD92A86277F003415B1 /* TitleTableViewCell.swift in Sources */,
				121651AA2A821DA900722488 /* MainTabBarViewController.swift in Sources */,
				125D2BD02A856CB8003415B1 /* TitleCollectionViewCell.swift in Sources */,
				121651A62A821DA900722488 /* AppDelegate.swift in Sources */,
				121651C82A8254BC00722488 /* CollectionViewTableViewCell.swift in Sources */,
				121651CC2A83B4D700722488 /* APICaller.swift in Sources */,
				121651CA2A82B4B500722488 /* HeroHeaderUIView.swift in Sources */,
				121651C12A8221A900722488 /* DownloadsViewController.swift in Sources */,
				121651BF2A82217000722488 /* SearchsViewController.swift in Sources */,
				125D2BDD2A866B90003415B1 /* SearchResultsViewController.swift in Sources */,
				125D2BCC2A85084E003415B1 /* Extensions.swift in Sources */,
				121651A82A821DA900722488 /* SceneDelegate.swift in Sources */,
				121651BD2A82211800722488 /* UpcomingViewController.swift in Sources */,
				121651CE2A83C08800722488 /* Title.swift in Sources */,
				121651BB2A8220D400722488 /* HomeViewController.swift in Sources */,
				125D2BDB2A862B90003415B1 /* TitleViewModel.swift in Sources */,
			);
			runOnlyForDeploymentPostprocessing = 0;
		};
/* End PBXSourcesBuildPhase section */

/* Begin PBXVariantGroup section */
		121651B02A821DAB00722488 /* LaunchScreen.storyboard */ = {
			isa = PBXVariantGroup;
			children = (
				121651B12A821DAB00722488 /* Base */,
			);
			name = LaunchScreen.storyboard;
			sourceTree = "<group>";
		};
/* End PBXVariantGroup section */

/* Begin XCBuildConfiguration section */
		121651B42A821DAB00722488 /* Debug */ = {
			isa = XCBuildConfiguration;
			buildSettings = {
				ALWAYS_SEARCH_USER_PATHS = NO;
				CLANG_ANALYZER_NONNULL = YES;
				CLANG_ANALYZER_NUMBER_OBJECT_CONVERSION = YES_AGGRESSIVE;
				CLANG_CXX_LANGUAGE_STANDARD = "gnu++20";
				CLANG_ENABLE_MODULES = YES;
				CLANG_ENABLE_OBJC_ARC = YES;
				CLANG_ENABLE_OBJC_WEAK = YES;
				CLANG_WARN_BLOCK_CAPTURE_AUTORELEASING = YES;
				CLANG_WARN_BOOL_CONVERSION = YES;
				CLANG_WARN_COMMA = YES;
				CLANG_WARN_CONSTANT_CONVERSION = YES;
				CLANG_WARN_DEPRECATED_OBJC_IMPLEMENTATIONS = YES;
				CLANG_WARN_DIRECT_OBJC_ISA_USAGE = YES_ERROR;
				CLANG_WARN_DOCUMENTATION_COMMENTS = YES;
				CLANG_WARN_EMPTY_BODY = YES;
				CLANG_WARN_ENUM_CONVERSION = YES;
				CLANG_WARN_INFINITE_RECURSION = YES;
				CLANG_WARN_INT_CONVERSION = YES;
				CLANG_WARN_NON_LITERAL_NULL_CONVERSION = YES;
				CLANG_WARN_OBJC_IMPLICIT_RETAIN_SELF = YES;
				CLANG_WARN_OBJC_LITERAL_CONVERSION = YES;
				CLANG_WARN_OBJC_ROOT_CLASS = YES_ERROR;
				CLANG_WARN_QUOTED_INCLUDE_IN_FRAMEWORK_HEADER = YES;
				CLANG_WARN_RANGE_LOOP_ANALYSIS = YES;
				CLANG_WARN_STRICT_PROTOTYPES = YES;
				CLANG_WARN_SUSPICIOUS_MOVE = YES;
				CLANG_WARN_UNGUARDED_AVAILABILITY = YES_AGGRESSIVE;
				CLANG_WARN_UNREACHABLE_CODE = YES;
				CLANG_WARN__DUPLICATE_METHOD_MATCH = YES;
				COPY_PHASE_STRIP = NO;
				DEBUG_INFORMATION_FORMAT = dwarf;
				ENABLE_STRICT_OBJC_MSGSEND = YES;
				ENABLE_TESTABILITY = YES;
				GCC_C_LANGUAGE_STANDARD = gnu11;
				GCC_DYNAMIC_NO_PIC = NO;
				GCC_NO_COMMON_BLOCKS = YES;
				GCC_OPTIMIZATION_LEVEL = 0;
				GCC_PREPROCESSOR_DEFINITIONS = (
					"DEBUG=1",
					"$(inherited)",
				);
				GCC_WARN_64_TO_32_BIT_CONVERSION = YES;
				GCC_WARN_ABOUT_RETURN_TYPE = YES_ERROR;
				GCC_WARN_UNDECLARED_SELECTOR = YES;
				GCC_WARN_UNINITIALIZED_AUTOS = YES_AGGRESSIVE;
				GCC_WARN_UNUSED_FUNCTION = YES;
				GCC_WARN_UNUSED_VARIABLE = YES;
				IPHONEOS_DEPLOYMENT_TARGET = 16.2;
				MTL_ENABLE_DEBUG_INFO = INCLUDE_SOURCE;
				MTL_FAST_MATH = YES;
				ONLY_ACTIVE_ARCH = YES;
				SDKROOT = iphoneos;
				SWIFT_ACTIVE_COMPILATION_CONDITIONS = DEBUG;
				SWIFT_OPTIMIZATION_LEVEL = "-Onone";
			};
			name = Debug;
		};
		121651B52A821DAB00722488 /* Release */ = {
			isa = XCBuildConfiguration;
			buildSettings = {
				ALWAYS_SEARCH_USER_PATHS = NO;
				CLANG_ANALYZER_NONNULL = YES;
				CLANG_ANALYZER_NUMBER_OBJECT_CONVERSION = YES_AGGRESSIVE;
				CLANG_CXX_LANGUAGE_STANDARD = "gnu++20";
				CLANG_ENABLE_MODULES = YES;
				CLANG_ENABLE_OBJC_ARC = YES;
				CLANG_ENABLE_OBJC_WEAK = YES;
				CLANG_WARN_BLOCK_CAPTURE_AUTORELEASING = YES;
				CLANG_WARN_BOOL_CONVERSION = YES;
				CLANG_WARN_COMMA = YES;
				CLANG_WARN_CONSTANT_CONVERSION = YES;
				CLANG_WARN_DEPRECATED_OBJC_IMPLEMENTATIONS = YES;
				CLANG_WARN_DIRECT_OBJC_ISA_USAGE = YES_ERROR;
				CLANG_WARN_DOCUMENTATION_COMMENTS = YES;
				CLANG_WARN_EMPTY_BODY = YES;
				CLANG_WARN_ENUM_CONVERSION = YES;
				CLANG_WARN_INFINITE_RECURSION = YES;
				CLANG_WARN_INT_CONVERSION = YES;
				CLANG_WARN_NON_LITERAL_NULL_CONVERSION = YES;
				CLANG_WARN_OBJC_IMPLICIT_RETAIN_SELF = YES;
				CLANG_WARN_OBJC_LITERAL_CONVERSION = YES;
				CLANG_WARN_OBJC_ROOT_CLASS = YES_ERROR;
				CLANG_WARN_QUOTED_INCLUDE_IN_FRAMEWORK_HEADER = YES;
				CLANG_WARN_RANGE_LOOP_ANALYSIS = YES;
				CLANG_WARN_STRICT_PROTOTYPES = YES;
				CLANG_WARN_SUSPICIOUS_MOVE = YES;
				CLANG_WARN_UNGUARDED_AVAILABILITY = YES_AGGRESSIVE;
				CLANG_WARN_UNREACHABLE_CODE = YES;
				CLANG_WARN__DUPLICATE_METHOD_MATCH = YES;
				COPY_PHASE_STRIP = NO;
				DEBUG_INFORMATION_FORMAT = "dwarf-with-dsym";
				ENABLE_NS_ASSERTIONS = NO;
				ENABLE_STRICT_OBJC_MSGSEND = YES;
				GCC_C_LANGUAGE_STANDARD = gnu11;
				GCC_NO_COMMON_BLOCKS = YES;
				GCC_WARN_64_TO_32_BIT_CONVERSION = YES;
				GCC_WARN_ABOUT_RETURN_TYPE = YES_ERROR;
				GCC_WARN_UNDECLARED_SELECTOR = YES;
				GCC_WARN_UNINITIALIZED_AUTOS = YES_AGGRESSIVE;
				GCC_WARN_UNUSED_FUNCTION = YES;
				GCC_WARN_UNUSED_VARIABLE = YES;
				IPHONEOS_DEPLOYMENT_TARGET = 16.2;
				MTL_ENABLE_DEBUG_INFO = NO;
				MTL_FAST_MATH = YES;
				SDKROOT = iphoneos;
				SWIFT_COMPILATION_MODE = wholemodule;
				SWIFT_OPTIMIZATION_LEVEL = "-O";
				VALIDATE_PRODUCT = YES;
			};
			name = Release;
		};
		121651B72A821DAB00722488 /* Debug */ = {
			isa = XCBuildConfiguration;
			buildSettings = {
				ASSETCATALOG_COMPILER_APPICON_NAME = AppIcon;
				ASSETCATALOG_COMPILER_GLOBAL_ACCENT_COLOR_NAME = AccentColor;
				CODE_SIGN_STYLE = Automatic;
				CURRENT_PROJECT_VERSION = 1;
				DEVELOPMENT_TEAM = CG2DGVAM4V;
				GENERATE_INFOPLIST_FILE = YES;
				INFOPLIST_FILE = "Netflix Clone/Info.plist";
				INFOPLIST_KEY_UIApplicationSupportsIndirectInputEvents = YES;
				INFOPLIST_KEY_UILaunchStoryboardName = LaunchScreen;
				INFOPLIST_KEY_UISupportedInterfaceOrientations_iPad = "UIInterfaceOrientationPortrait UIInterfaceOrientationPortraitUpsideDown UIInterfaceOrientationLandscapeLeft UIInterfaceOrientationLandscapeRight";
				INFOPLIST_KEY_UISupportedInterfaceOrientations_iPhone = "UIInterfaceOrientationPortrait UIInterfaceOrientationLandscapeLeft UIInterfaceOrientationLandscapeRight";
				LD_RUNPATH_SEARCH_PATHS = (
					"$(inherited)",
					"@executable_path/Frameworks",
				);
				MARKETING_VERSION = 1.0;
				PRODUCT_BUNDLE_IDENTIFIER = "seymarslan.Netflix-Clone";
				PRODUCT_NAME = "$(TARGET_NAME)";
				SWIFT_EMIT_LOC_STRINGS = YES;
				SWIFT_VERSION = 5.0;
				TARGETED_DEVICE_FAMILY = "1,2";
			};
			name = Debug;
		};
		121651B82A821DAB00722488 /* Release */ = {
			isa = XCBuildConfiguration;
			buildSettings = {
				ASSETCATALOG_COMPILER_APPICON_NAME = AppIcon;
				ASSETCATALOG_COMPILER_GLOBAL_ACCENT_COLOR_NAME = AccentColor;
				CODE_SIGN_STYLE = Automatic;
				CURRENT_PROJECT_VERSION = 1;
				DEVELOPMENT_TEAM = CG2DGVAM4V;
				GENERATE_INFOPLIST_FILE = YES;
				INFOPLIST_FILE = "Netflix Clone/Info.plist";
				INFOPLIST_KEY_UIApplicationSupportsIndirectInputEvents = YES;
				INFOPLIST_KEY_UILaunchStoryboardName = LaunchScreen;
				INFOPLIST_KEY_UISupportedInterfaceOrientations_iPad = "UIInterfaceOrientationPortrait UIInterfaceOrientationPortraitUpsideDown UIInterfaceOrientationLandscapeLeft UIInterfaceOrientationLandscapeRight";
				INFOPLIST_KEY_UISupportedInterfaceOrientations_iPhone = "UIInterfaceOrientationPortrait UIInterfaceOrientationLandscapeLeft UIInterfaceOrientationLandscapeRight";
				LD_RUNPATH_SEARCH_PATHS = (
					"$(inherited)",
					"@executable_path/Frameworks",
				);
				MARKETING_VERSION = 1.0;
				PRODUCT_BUNDLE_IDENTIFIER = "seymarslan.Netflix-Clone";
				PRODUCT_NAME = "$(TARGET_NAME)";
				SWIFT_EMIT_LOC_STRINGS = YES;
				SWIFT_VERSION = 5.0;
				TARGETED_DEVICE_FAMILY = "1,2";
			};
			name = Release;
		};
/* End XCBuildConfiguration section */

/* Begin XCConfigurationList section */
		1216519D2A821DA900722488 /* Build configuration list for PBXProject "Netflix Clone" */ = {
			isa = XCConfigurationList;
			buildConfigurations = (
				121651B42A821DAB00722488 /* Debug */,
				121651B52A821DAB00722488 /* Release */,
			);
			defaultConfigurationIsVisible = 0;
			defaultConfigurationName = Release;
		};
		121651B62A821DAB00722488 /* Build configuration list for PBXNativeTarget "Netflix Clone" */ = {
			isa = XCConfigurationList;
			buildConfigurations = (
				121651B72A821DAB00722488 /* Debug */,
				121651B82A821DAB00722488 /* Release */,
			);
			defaultConfigurationIsVisible = 0;
			defaultConfigurationName = Release;
		};
/* End XCConfigurationList section */

/* Begin XCRemoteSwiftPackageReference section */
		125D2BD12A856F61003415B1 /* XCRemoteSwiftPackageReference "SDWebImage" */ = {
			isa = XCRemoteSwiftPackageReference;
			repositoryURL = "https://github.com/SDWebImage/SDWebImage.git";
			requirement = {
				branch = master;
				kind = branch;
			};
		};
/* End XCRemoteSwiftPackageReference section */

/* Begin XCSwiftPackageProductDependency section */
		125D2BD22A856F61003415B1 /* SDWebImage */ = {
			isa = XCSwiftPackageProductDependency;
			package = 125D2BD12A856F61003415B1 /* XCRemoteSwiftPackageReference "SDWebImage" */;
			productName = SDWebImage;
		};
		125D2BD42A856F61003415B1 /* SDWebImageMapKit */ = {
			isa = XCSwiftPackageProductDependency;
			package = 125D2BD12A856F61003415B1 /* XCRemoteSwiftPackageReference "SDWebImage" */;
			productName = SDWebImageMapKit;
		};
/* End XCSwiftPackageProductDependency section */
	};
	rootObject = 1216519A2A821DA900722488 /* Project object */;
}
